# This file is automatically @generated by Cargo.
# It is not intended for manual editing.
version = 3

[[package]]
name = "button"
version = "0.1.0"
dependencies = [
 "gui",
]

[[package]]
name = "gui"
version = "0.1.0"

[[package]]
name = "main_gui"
version = "0.1.0"
dependencies = [
 "button",
 "gui",
 "select_box",
]

[[package]]
name = "select_box"
version = "0.1.0"
dependencies = [
 "gui",
]
